# THIS IS AN AUTOGENERATED FILE. DO NOT EDIT THIS FILE DIRECTLY.
# yarn lockfile v1


runtypes@^5.0.1:
  version "5.0.1"
  resolved "https://registry.yarnpkg.com/runtypes/-/runtypes-5.0.1.tgz#406d140410266f6ece17c3501a37234f91faa346"
  integrity sha512-+TWVlCmFsgrG4Nd2u+ambpNFO8Yp4heAflGQi9oNj6GRkxZo8aSDBxO1Y0vlKIQCWKKFxato+8Hn67XeAqKhRA==
